// !$*UTF8*$!
{
	archiveVersion = 1;
	classes = {
	};
	objectVersion = 50;
	objects = {

/* Begin PBXBuildFile section */
		FC63808E27F7472C00C0825B /* main.cpp in Sources */ = {isa = PBXBuildFile; fileRef = FC63808D27F7472C00C0825B /* main.cpp */; };
		FC63809A27FA0D1800C0825B /* Vec3.cpp in Sources */ = {isa = PBXBuildFile; fileRef = FC63809827FA0D1800C0825B /* Vec3.cpp */; };
		FC6380AE27FA431D00C0825B /* Sphere.cpp in Sources */ = {isa = PBXBuildFile; fileRef = FC6380AD27FA431D00C0825B /* Sphere.cpp */; };
		FCDE5A7C27FB469900E46455 /* Color.cpp in Sources */ = {isa = PBXBuildFile; fileRef = FCDE5A7B27FB469900E46455 /* Color.cpp */; };
		FCDE5A8527FB805B00E46455 /* ThreadPool.cpp in Sources */ = {isa = PBXBuildFile; fileRef = FCDE5A8327FB805B00E46455 /* ThreadPool.cpp */; };
		FCDE5A8927FB821200E46455 /* Camera.cpp in Sources */ = {isa = PBXBuildFile; fileRef = FCDE5A8727FB821200E46455 /* Camera.cpp */; };
		FCDE5A8D27FE388900E46455 /* Rand.cpp in Sources */ = {isa = PBXBuildFile; fileRef = FCDE5A8C27FE388900E46455 /* Rand.cpp */; };
		FCDE5A9128087C7700E46455 /* OCLTracer.cpp in Sources */ = {isa = PBXBuildFile; fileRef = FCDE5A9028087C7700E46455 /* OCLTracer.cpp */; };
		FCDE5A9728088B8D00E46455 /* OpenCL.framework in Frameworks */ = {isa = PBXBuildFile; fileRef = FCDE5A9628088B8D00E46455 /* OpenCL.framework */; };
/* End PBXBuildFile section */

/* Begin PBXCopyFilesBuildPhase section */
		FC63807D27F7468B00C0825B /* CopyFiles */ = {
			isa = PBXCopyFilesBuildPhase;
			buildActionMask = 2147483647;
			dstPath = /usr/share/man/man1/;
			dstSubfolderSpec = 0;
			files = (
			);
			runOnlyForDeploymentPostprocessing = 1;
		};
/* End PBXCopyFilesBuildPhase section */

/* Begin PBXFileReference section */
		FC63807F27F7468B00C0825B /* RayTracer */ = {isa = PBXFileReference; explicitFileType = "compiled.mach-o.executable"; includeInIndex = 0; path = RayTracer; sourceTree = BUILT_PRODUCTS_DIR; };
		FC63808D27F7472C00C0825B /* main.cpp */ = {isa = PBXFileReference; fileEncoding = 4; lastKnownFileType = sourcecode.cpp.cpp; path = main.cpp; sourceTree = "<group>"; };
		FC63809827FA0D1800C0825B /* Vec3.cpp */ = {isa = PBXFileReference; fileEncoding = 4; lastKnownFileType = sourcecode.cpp.cpp; path = Vec3.cpp; sourceTree = "<group>"; };
		FC63809927FA0D1800C0825B /* Vec3.h */ = {isa = PBXFileReference; fileEncoding = 4; lastKnownFileType = sourcecode.c.h; path = Vec3.h; sourceTree = "<group>"; };
		FC63809D27FA0F2B00C0825B /* Assert.h */ = {isa = PBXFileReference; fileEncoding = 4; lastKnownFileType = sourcecode.c.h; path = Assert.h; sourceTree = "<group>"; };
		FC6380A827FA41EE00C0825B /* Ray.h */ = {isa = PBXFileReference; fileEncoding = 4; lastKnownFileType = sourcecode.c.h; path = Ray.h; sourceTree = "<group>"; };
		FC6380AC27FA431D00C0825B /* Sphere.h */ = {isa = PBXFileReference; fileEncoding = 4; lastKnownFileType = sourcecode.c.h; path = Sphere.h; sourceTree = "<group>"; };
		FC6380AD27FA431D00C0825B /* Sphere.cpp */ = {isa = PBXFileReference; fileEncoding = 4; lastKnownFileType = sourcecode.cpp.cpp; path = Sphere.cpp; sourceTree = "<group>"; };
		FC6380B027FA43F600C0825B /* Hitable.h */ = {isa = PBXFileReference; fileEncoding = 4; lastKnownFileType = sourcecode.c.h; path = Hitable.h; sourceTree = "<group>"; };
		FCDE5A7527FB451E00E46455 /* Color.h */ = {isa = PBXFileReference; lastKnownFileType = sourcecode.c.h; path = Color.h; sourceTree = "<group>"; };
		FCDE5A7B27FB469900E46455 /* Color.cpp */ = {isa = PBXFileReference; fileEncoding = 4; lastKnownFileType = sourcecode.cpp.cpp; path = Color.cpp; sourceTree = "<group>"; };
		FCDE5A8327FB805B00E46455 /* ThreadPool.cpp */ = {isa = PBXFileReference; fileEncoding = 4; lastKnownFileType = sourcecode.cpp.cpp; path = ThreadPool.cpp; sourceTree = "<group>"; };
		FCDE5A8427FB805B00E46455 /* ThreadPool.h */ = {isa = PBXFileReference; fileEncoding = 4; lastKnownFileType = sourcecode.c.h; path = ThreadPool.h; sourceTree = "<group>"; };
		FCDE5A8727FB821200E46455 /* Camera.cpp */ = {isa = PBXFileReference; fileEncoding = 4; lastKnownFileType = sourcecode.cpp.cpp; path = Camera.cpp; sourceTree = "<group>"; };
		FCDE5A8827FB821200E46455 /* Camera.h */ = {isa = PBXFileReference; fileEncoding = 4; lastKnownFileType = sourcecode.c.h; path = Camera.h; sourceTree = "<group>"; };
		FCDE5A8B27FE388800E46455 /* Rand.h */ = {isa = PBXFileReference; fileEncoding = 4; lastKnownFileType = sourcecode.c.h; path = Rand.h; sourceTree = "<group>"; };
		FCDE5A8C27FE388900E46455 /* Rand.cpp */ = {isa = PBXFileReference; fileEncoding = 4; lastKnownFileType = sourcecode.cpp.cpp; path = Rand.cpp; sourceTree = "<group>"; };
		FCDE5A8F28087C7700E46455 /* OCLTracer.h */ = {isa = PBXFileReference; fileEncoding = 4; lastKnownFileType = sourcecode.c.h; path = OCLTracer.h; sourceTree = "<group>"; };
		FCDE5A9028087C7700E46455 /* OCLTracer.cpp */ = {isa = PBXFileReference; fileEncoding = 4; lastKnownFileType = sourcecode.cpp.cpp; path = OCLTracer.cpp; sourceTree = "<group>"; };
		FCDE5A932808869600E46455 /* OCLDefs.h */ = {isa = PBXFileReference; fileEncoding = 4; lastKnownFileType = sourcecode.c.h; path = OCLDefs.h; sourceTree = "<group>"; };
		FCDE5A9628088B8D00E46455 /* OpenCL.framework */ = {isa = PBXFileReference; lastKnownFileType = wrapper.framework; name = OpenCL.framework; path = System/Library/Frameworks/OpenCL.framework; sourceTree = SDKROOT; };
/* End PBXFileReference section */

/* Begin PBXFrameworksBuildPhase section */
		FC63807C27F7468B00C0825B /* Frameworks */ = {
			isa = PBXFrameworksBuildPhase;
			buildActionMask = 2147483647;
			files = (
				FCDE5A9728088B8D00E46455 /* OpenCL.framework in Frameworks */,
			);
			runOnlyForDeploymentPostprocessing = 0;
		};
/* End PBXFrameworksBuildPhase section */

/* Begin PBXGroup section */
		FC63807627F7468B00C0825B = {
			isa = PBXGroup;
			children = (
				FC63808C27F7472C00C0825B /* Code */,
				FC63808027F7468B00C0825B /* Products */,
				FCDE5A9528088B8D00E46455 /* Frameworks */,
			);
			sourceTree = "<group>";
		};
		FC63808027F7468B00C0825B /* Products */ = {
			isa = PBXGroup;
			children = (
				FC63807F27F7468B00C0825B /* RayTracer */,
			);
			name = Products;
			sourceTree = "<group>";
		};
		FC63808C27F7472C00C0825B /* Code */ = {
			isa = PBXGroup;
			children = (
				FC6380A627FA41EE00C0825B /* RayTrace */,
				FC63809627FA0D1800C0825B /* Core */,
				FC63808D27F7472C00C0825B /* main.cpp */,
			);
			name = Code;
			path = ../Code;
			sourceTree = "<group>";
		};
		FC63809627FA0D1800C0825B /* Core */ = {
			isa = PBXGroup;
			children = (
				FCDE5A932808869600E46455 /* OCLDefs.h */,
				FCDE5A8C27FE388900E46455 /* Rand.cpp */,
				FCDE5A8B27FE388800E46455 /* Rand.h */,
				FCDE5A8327FB805B00E46455 /* ThreadPool.cpp */,
				FCDE5A8427FB805B00E46455 /* ThreadPool.h */,
				FCDE5A7B27FB469900E46455 /* Color.cpp */,
				FCDE5A7527FB451E00E46455 /* Color.h */,
				FC63809D27FA0F2B00C0825B /* Assert.h */,
				FC63809827FA0D1800C0825B /* Vec3.cpp */,
				FC63809927FA0D1800C0825B /* Vec3.h */,
			);
			path = Core;
			sourceTree = "<group>";
		};
		FC6380A627FA41EE00C0825B /* RayTrace */ = {
			isa = PBXGroup;
			children = (
				FCDE5A9028087C7700E46455 /* OCLTracer.cpp */,
				FCDE5A8F28087C7700E46455 /* OCLTracer.h */,
				FCDE5A8727FB821200E46455 /* Camera.cpp */,
				FCDE5A8827FB821200E46455 /* Camera.h */,
				FC6380B027FA43F600C0825B /* Hitable.h */,
				FC6380AD27FA431D00C0825B /* Sphere.cpp */,
				FC6380AC27FA431D00C0825B /* Sphere.h */,
				FC6380A827FA41EE00C0825B /* Ray.h */,
			);
			path = RayTrace;
			sourceTree = "<group>";
		};
		FCDE5A9528088B8D00E46455 /* Frameworks */ = {
			isa = PBXGroup;
			children = (
				FCDE5A9628088B8D00E46455 /* OpenCL.framework */,
			);
			name = Frameworks;
			sourceTree = "<group>";
		};
/* End PBXGroup section */

/* Begin PBXNativeTarget section */
		FC63807E27F7468B00C0825B /* RayTracer */ = {
			isa = PBXNativeTarget;
			buildConfigurationList = FC63808627F7468B00C0825B /* Build configuration list for PBXNativeTarget "RayTracer" */;
			buildPhases = (
				FC63807B27F7468B00C0825B /* Sources */,
				FC63807C27F7468B00C0825B /* Frameworks */,
				FC63807D27F7468B00C0825B /* CopyFiles */,
			);
			buildRules = (
			);
			dependencies = (
			);
			name = RayTracer;
			productName = RayTracer;
			productReference = FC63807F27F7468B00C0825B /* RayTracer */;
			productType = "com.apple.product-type.tool";
		};
/* End PBXNativeTarget section */

/* Begin PBXProject section */
		FC63807727F7468B00C0825B /* Project object */ = {
			isa = PBXProject;
			attributes = {
				LastUpgradeCheck = 1200;
				TargetAttributes = {
					FC63807E27F7468B00C0825B = {
						CreatedOnToolsVersion = 12.0.1;
					};
				};
			};
			buildConfigurationList = FC63807A27F7468B00C0825B /* Build configuration list for PBXProject "RayTracer" */;
			compatibilityVersion = "Xcode 9.3";
			developmentRegion = en;
			hasScannedForEncodings = 0;
			knownRegions = (
				en,
				Base,
			);
			mainGroup = FC63807627F7468B00C0825B;
			productRefGroup = FC63808027F7468B00C0825B /* Products */;
			projectDirPath = "";
			projectRoot = "";
			targets = (
				FC63807E27F7468B00C0825B /* RayTracer */,
			);
		};
/* End PBXProject section */

/* Begin PBXSourcesBuildPhase section */
		FC63807B27F7468B00C0825B /* Sources */ = {
			isa = PBXSourcesBuildPhase;
			buildActionMask = 2147483647;
			files = (
				FC63809A27FA0D1800C0825B /* Vec3.cpp in Sources */,
				FCDE5A7C27FB469900E46455 /* Color.cpp in Sources */,
				FC6380AE27FA431D00C0825B /* Sphere.cpp in Sources */,
				FC63808E27F7472C00C0825B /* main.cpp in Sources */,
				FCDE5A8927FB821200E46455 /* Camera.cpp in Sources */,
				FCDE5A9128087C7700E46455 /* OCLTracer.cpp in Sources */,
				FCDE5A8527FB805B00E46455 /* ThreadPool.cpp in Sources */,
				FCDE5A8D27FE388900E46455 /* Rand.cpp in Sources */,
			);
			runOnlyForDeploymentPostprocessing = 0;
		};
/* End PBXSourcesBuildPhase section */

/* Begin XCBuildConfiguration section */
		FC63808427F7468B00C0825B /* Debug */ = {
			isa = XCBuildConfiguration;
			buildSettings = {
				ALWAYS_SEARCH_USER_PATHS = NO;
				CLANG_ANALYZER_NONNULL = YES;
				CLANG_ANALYZER_NUMBER_OBJECT_CONVERSION = YES_AGGRESSIVE;
				CLANG_CXX_LANGUAGE_STANDARD = "gnu++14";
				CLANG_CXX_LIBRARY = "libc++";
				CLANG_ENABLE_MODULES = YES;
				CLANG_ENABLE_OBJC_ARC = YES;
				CLANG_ENABLE_OBJC_WEAK = YES;
				CLANG_WARN_BLOCK_CAPTURE_AUTORELEASING = YES;
				CLANG_WARN_BOOL_CONVERSION = YES;
				CLANG_WARN_COMMA = YES;
				CLANG_WARN_CONSTANT_CONVERSION = YES;
				CLANG_WARN_DEPRECATED_OBJC_IMPLEMENTATIONS = YES;
				CLANG_WARN_DIRECT_OBJC_ISA_USAGE = YES_ERROR;
				CLANG_WARN_DOCUMENTATION_COMMENTS = YES;
				CLANG_WARN_EMPTY_BODY = YES;
				CLANG_WARN_ENUM_CONVERSION = YES;
				CLANG_WARN_INFINITE_RECURSION = YES;
				CLANG_WARN_INT_CONVERSION = YES;
				CLANG_WARN_NON_LITERAL_NULL_CONVERSION = YES;
				CLANG_WARN_OBJC_IMPLICIT_RETAIN_SELF = YES;
				CLANG_WARN_OBJC_LITERAL_CONVERSION = YES;
				CLANG_WARN_OBJC_ROOT_CLASS = YES_ERROR;
				CLANG_WARN_QUOTED_INCLUDE_IN_FRAMEWORK_HEADER = YES;
				CLANG_WARN_RANGE_LOOP_ANALYSIS = YES;
				CLANG_WARN_STRICT_PROTOTYPES = YES;
				CLANG_WARN_SUSPICIOUS_MOVE = YES;
				CLANG_WARN_UNGUARDED_AVAILABILITY = YES_AGGRESSIVE;
				CLANG_WARN_UNREACHABLE_CODE = YES;
				CLANG_WARN__DUPLICATE_METHOD_MATCH = YES;
				COPY_PHASE_STRIP = NO;
				DEBUG_INFORMATION_FORMAT = dwarf;
				ENABLE_STRICT_OBJC_MSGSEND = YES;
				ENABLE_TESTABILITY = YES;
				GCC_C_LANGUAGE_STANDARD = gnu11;
				GCC_DYNAMIC_NO_PIC = NO;
				GCC_NO_COMMON_BLOCKS = YES;
				GCC_OPTIMIZATION_LEVEL = 0;
				GCC_PREPROCESSOR_DEFINITIONS = (
					"DEBUG=1",
					"$(inherited)",
				);
				GCC_WARN_64_TO_32_BIT_CONVERSION = YES;
				GCC_WARN_ABOUT_RETURN_TYPE = YES_ERROR;
				GCC_WARN_UNDECLARED_SELECTOR = YES;
				GCC_WARN_UNINITIALIZED_AUTOS = YES_AGGRESSIVE;
				GCC_WARN_UNUSED_FUNCTION = YES;
				GCC_WARN_UNUSED_VARIABLE = YES;
				MACOSX_DEPLOYMENT_TARGET = 10.15;
				MTL_ENABLE_DEBUG_INFO = INCLUDE_SOURCE;
				MTL_FAST_MATH = YES;
				ONLY_ACTIVE_ARCH = YES;
				SDKROOT = macosx;
			};
			name = Debug;
		};
		FC63808527F7468B00C0825B /* Release */ = {
			isa = XCBuildConfiguration;
			buildSettings = {
				ALWAYS_SEARCH_USER_PATHS = NO;
				CLANG_ANALYZER_NONNULL = YES;
				CLANG_ANALYZER_NUMBER_OBJECT_CONVERSION = YES_AGGRESSIVE;
				CLANG_CXX_LANGUAGE_STANDARD = "gnu++14";
				CLANG_CXX_LIBRARY = "libc++";
				CLANG_ENABLE_MODULES = YES;
				CLANG_ENABLE_OBJC_ARC = YES;
				CLANG_ENABLE_OBJC_WEAK = YES;
				CLANG_WARN_BLOCK_CAPTURE_AUTORELEASING = YES;
				CLANG_WARN_BOOL_CONVERSION = YES;
				CLANG_WARN_COMMA = YES;
				CLANG_WARN_CONSTANT_CONVERSION = YES;
				CLANG_WARN_DEPRECATED_OBJC_IMPLEMENTATIONS = YES;
				CLANG_WARN_DIRECT_OBJC_ISA_USAGE = YES_ERROR;
				CLANG_WARN_DOCUMENTATION_COMMENTS = YES;
				CLANG_WARN_EMPTY_BODY = YES;
				CLANG_WARN_ENUM_CONVERSION = YES;
				CLANG_WARN_INFINITE_RECURSION = YES;
				CLANG_WARN_INT_CONVERSION = YES;
				CLANG_WARN_NON_LITERAL_NULL_CONVERSION = YES;
				CLANG_WARN_OBJC_IMPLICIT_RETAIN_SELF = YES;
				CLANG_WARN_OBJC_LITERAL_CONVERSION = YES;
				CLANG_WARN_OBJC_ROOT_CLASS = YES_ERROR;
				CLANG_WARN_QUOTED_INCLUDE_IN_FRAMEWORK_HEADER = YES;
				CLANG_WARN_RANGE_LOOP_ANALYSIS = YES;
				CLANG_WARN_STRICT_PROTOTYPES = YES;
				CLANG_WARN_SUSPICIOUS_MOVE = YES;
				CLANG_WARN_UNGUARDED_AVAILABILITY = YES_AGGRESSIVE;
				CLANG_WARN_UNREACHABLE_CODE = YES;
				CLANG_WARN__DUPLICATE_METHOD_MATCH = YES;
				COPY_PHASE_STRIP = NO;
				DEBUG_INFORMATION_FORMAT = "dwarf-with-dsym";
				ENABLE_NS_ASSERTIONS = NO;
				ENABLE_STRICT_OBJC_MSGSEND = YES;
				GCC_C_LANGUAGE_STANDARD = gnu11;
				GCC_NO_COMMON_BLOCKS = YES;
				GCC_WARN_64_TO_32_BIT_CONVERSION = YES;
				GCC_WARN_ABOUT_RETURN_TYPE = YES_ERROR;
				GCC_WARN_UNDECLARED_SELECTOR = YES;
				GCC_WARN_UNINITIALIZED_AUTOS = YES_AGGRESSIVE;
				GCC_WARN_UNUSED_FUNCTION = YES;
				GCC_WARN_UNUSED_VARIABLE = YES;
				MACOSX_DEPLOYMENT_TARGET = 10.15;
				MTL_ENABLE_DEBUG_INFO = NO;
				MTL_FAST_MATH = YES;
				SDKROOT = macosx;
			};
			name = Release;
		};
		FC63808727F7468B00C0825B /* Debug */ = {
			isa = XCBuildConfiguration;
			buildSettings = {
				CODE_SIGN_STYLE = Automatic;
				DEVELOPMENT_TEAM = "";
				ENABLE_HARDENED_RUNTIME = YES;
				PRODUCT_NAME = "$(TARGET_NAME)";
			};
			name = Debug;
		};
		FC63808827F7468B00C0825B /* Release */ = {
			isa = XCBuildConfiguration;
			buildSettings = {
				CODE_SIGN_STYLE = Automatic;
				DEVELOPMENT_TEAM = "";
				ENABLE_HARDENED_RUNTIME = YES;
				PRODUCT_NAME = "$(TARGET_NAME)";
			};
			name = Release;
		};
/* End XCBuildConfiguration section */

/* Begin XCConfigurationList section */
		FC63807A27F7468B00C0825B /* Build configuration list for PBXProject "RayTracer" */ = {
			isa = XCConfigurationList;
			buildConfigurations = (
				FC63808427F7468B00C0825B /* Debug */,
				FC63808527F7468B00C0825B /* Release */,
			);
			defaultConfigurationIsVisible = 0;
			defaultConfigurationName = Release;
		};
		FC63808627F7468B00C0825B /* Build configuration list for PBXNativeTarget "RayTracer" */ = {
			isa = XCConfigurationList;
			buildConfigurations = (
				FC63808727F7468B00C0825B /* Debug */,
				FC63808827F7468B00C0825B /* Release */,
			);
			defaultConfigurationIsVisible = 0;
			defaultConfigurationName = Release;
		};
/* End XCConfigurationList section */
	};
	rootObject = FC63807727F7468B00C0825B /* Project object */;
}
